github.com/SunA0/monkey v0.0.0-20221030074452-9ae0b5f28fc7 h1:i9JLSAme3FECLPRfBMiDjjIEH+MsE8G3XWZXXI/7qTQ=
github.com/SunA0/monkey v0.0.0-20221030074452-9ae0b5f28fc7/go.mod h1:/R1pOFFRaARXAeN2uZBd20mZUOBvcYHe3bI/KHGeatE=
github.com/SunA0/monkey v0.0.0-20221030081023-5f792d97e467 h1:b0+AFt4pUMmHMi9TeuFXSm9/luy9PeiJMv2kOSzg764=
github.com/SunA0/monkey v0.0.0-20221030081023-5f792d97e467/go.mod h1:/R1pOFFRaARXAeN2uZBd20mZUOBvcYHe3bI/KHGeatE=
